// !$*UTF8*$!
{
	archiveVersion = 1;
	classes = {
	};
	objectVersion = 46;
	objects = {

/* Begin PBXBuildFile section */
		960544881F0E220300FD3012 /* GlobalMidiDestinationsData.swift in Sources */ = {isa = PBXBuildFile; fileRef = 960544871F0E220300FD3012 /* GlobalMidiDestinationsData.swift */; };
		9605448A1F0E29B300FD3012 /* GlobalMidiSourcesData.swift in Sources */ = {isa = PBXBuildFile; fileRef = 960544891F0E29B300FD3012 /* GlobalMidiSourcesData.swift */; };
		96291FA01F05998D00A9A778 /* QuantizationData.swift in Sources */ = {isa = PBXBuildFile; fileRef = 96291F9F1F05998D00A9A778 /* QuantizationData.swift */; };
		966F4A2A1E84BD6800154669 /* XvSettings.h in Headers */ = {isa = PBXBuildFile; fileRef = 966F4A281E84BD6800154669 /* XvSettings.h */; settings = {ATTRIBUTES = (Public, ); }; };
		966F4A361E84BD8D00154669 /* TableVC.swift in Sources */ = {isa = PBXBuildFile; fileRef = 966F4A321E84BD8D00154669 /* TableVC.swift */; };
		966F4A401E84BDD300154669 /* TableData.swift in Sources */ = {isa = PBXBuildFile; fileRef = 966F4A3E1E84BDD300154669 /* TableData.swift */; };
		966F4A421E84BDDA00154669 /* SectionData.swift in Sources */ = {isa = PBXBuildFile; fileRef = 966F4A411E84BDDA00154669 /* SectionData.swift */; };
		966F4A471E84BDE200154669 /* CellData.swift in Sources */ = {isa = PBXBuildFile; fileRef = 966F4A431E84BDE200154669 /* CellData.swift */; };
		966F4A481E84BDE200154669 /* CheckmarkCellData.swift in Sources */ = {isa = PBXBuildFile; fileRef = 966F4A441E84BDE200154669 /* CheckmarkCellData.swift */; };
		966F4A491E84BDE200154669 /* DisclosureCellData.swift in Sources */ = {isa = PBXBuildFile; fileRef = 966F4A451E84BDE200154669 /* DisclosureCellData.swift */; };
		966F4A501E84BE1400154669 /* Utils.swift in Sources */ = {isa = PBXBuildFile; fileRef = 966F4A4F1E84BE1400154669 /* Utils.swift */; };
		966F4A5B1E84BE3C00154669 /* ButtonCell.swift in Sources */ = {isa = PBXBuildFile; fileRef = 966F4A551E84BE3C00154669 /* ButtonCell.swift */; };
		966F4A5C1E84BE3C00154669 /* Cell.swift in Sources */ = {isa = PBXBuildFile; fileRef = 966F4A561E84BE3C00154669 /* Cell.swift */; };
		966F4A5D1E84BE3C00154669 /* CheckmarkCell.swift in Sources */ = {isa = PBXBuildFile; fileRef = 966F4A571E84BE3C00154669 /* CheckmarkCell.swift */; };
		966F4A5E1E84BE3C00154669 /* DisclosureCell.swift in Sources */ = {isa = PBXBuildFile; fileRef = 966F4A581E84BE3C00154669 /* DisclosureCell.swift */; };
		966F4A601E84BE3C00154669 /* ToggleCell.swift in Sources */ = {isa = PBXBuildFile; fileRef = 966F4A5A1E84BE3C00154669 /* ToggleCell.swift */; };
		966F4A621E84BE4300154669 /* Footer.swift in Sources */ = {isa = PBXBuildFile; fileRef = 966F4A611E84BE4300154669 /* Footer.swift */; };
		9684A8461EF7196900019AF1 /* XvCoreDataManager.swift in Sources */ = {isa = PBXBuildFile; fileRef = 9684A8451EF7196900019AF1 /* XvCoreDataManager.swift */; };
		9684A8481EF7197000019AF1 /* XvSetConstants.swift in Sources */ = {isa = PBXBuildFile; fileRef = 9684A8471EF7197000019AF1 /* XvSetConstants.swift */; };
		9684A84A1EF7197800019AF1 /* XvSetMainTableVC.swift in Sources */ = {isa = PBXBuildFile; fileRef = 9684A8491EF7197800019AF1 /* XvSetMainTableVC.swift */; };
		9684A84C1EF7197E00019AF1 /* XvSetMainTableData.swift in Sources */ = {isa = PBXBuildFile; fileRef = 9684A84B1EF7197E00019AF1 /* XvSetMainTableData.swift */; };
		9684A84E1EF7199E00019AF1 /* InstrumentTableVC.swift in Sources */ = {isa = PBXBuildFile; fileRef = 9684A84D1EF7199E00019AF1 /* InstrumentTableVC.swift */; };
		9684A8501EF71A1300019AF1 /* KitTableVC.swift in Sources */ = {isa = PBXBuildFile; fileRef = 9684A84F1EF71A1300019AF1 /* KitTableVC.swift */; };
		9684A8521EF8116300019AF1 /* InstrumentTableData.swift in Sources */ = {isa = PBXBuildFile; fileRef = 9684A8511EF8116300019AF1 /* InstrumentTableData.swift */; };
		9684A8541EF8285300019AF1 /* MidiSendChannelData.swift in Sources */ = {isa = PBXBuildFile; fileRef = 9684A8531EF8285300019AF1 /* MidiSendChannelData.swift */; };
		9684A8561EF83C8700019AF1 /* MidiReceiveChannelData.swift in Sources */ = {isa = PBXBuildFile; fileRef = 9684A8551EF83C8700019AF1 /* MidiReceiveChannelData.swift */; };
		9684A8581EF84B3300019AF1 /* InstrumentMidiDestinationsData.swift in Sources */ = {isa = PBXBuildFile; fileRef = 9684A8571EF84B3300019AF1 /* InstrumentMidiDestinationsData.swift */; };
		96C30CE31EF6C2560058A64D /* MidiSyncData.swift in Sources */ = {isa = PBXBuildFile; fileRef = 96C30CE21EF6C2560058A64D /* MidiSyncData.swift */; };
		96C30CE51EF6C4700058A64D /* MusicalScaleData.swift in Sources */ = {isa = PBXBuildFile; fileRef = 96C30CE41EF6C4700058A64D /* MusicalScaleData.swift */; };
		96C8F58F1EFB9CCC0058BDBF /* SliderCellData.swift in Sources */ = {isa = PBXBuildFile; fileRef = 96C8F58E1EFB9CCC0058BDBF /* SliderCellData.swift */; };
		96C8F5911EFB9DD50058BDBF /* SliderCell.swift in Sources */ = {isa = PBXBuildFile; fileRef = 96C8F5901EFB9DD50058BDBF /* SliderCell.swift */; };
		96DC444D1EE47F8D0032DC9C /* CheckmarkTableData.swift in Sources */ = {isa = PBXBuildFile; fileRef = 96DC444C1EE47F8D0032DC9C /* CheckmarkTableData.swift */; };
		96DC444F1EE592920032DC9C /* CheckmarkTableVC.swift in Sources */ = {isa = PBXBuildFile; fileRef = 96DC444E1EE592920032DC9C /* CheckmarkTableVC.swift */; };
		96DC44511EE63B5F0032DC9C /* ToggleCellData.swift in Sources */ = {isa = PBXBuildFile; fileRef = 96DC44501EE63B5F0032DC9C /* ToggleCellData.swift */; };
		96DC44531EE64DFA0032DC9C /* ButtonCellData.swift in Sources */ = {isa = PBXBuildFile; fileRef = 96DC44521EE64DFA0032DC9C /* ButtonCellData.swift */; };
		96DC44551EE6F8DC0032DC9C /* KitTableData.swift in Sources */ = {isa = PBXBuildFile; fileRef = 96DC44541EE6F8DC0032DC9C /* KitTableData.swift */; };
		96F54F9B1F0A798A005021DB /* FadeOutDurationData.swift in Sources */ = {isa = PBXBuildFile; fileRef = 96F54F9A1F0A798A005021DB /* FadeOutDurationData.swift */; };
		96F54F9D1F0A7B77005021DB /* LoopLengthData.swift in Sources */ = {isa = PBXBuildFile; fileRef = 96F54F9C1F0A7B77005021DB /* LoopLengthData.swift */; };
		96F54F9F1F0AAA7A005021DB /* Labels.swift in Sources */ = {isa = PBXBuildFile; fileRef = 96F54F9E1F0AAA7A005021DB /* Labels.swift */; };
/* End PBXBuildFile section */

/* Begin PBXFileReference section */
		960544871F0E220300FD3012 /* GlobalMidiDestinationsData.swift */ = {isa = PBXFileReference; fileEncoding = 4; lastKnownFileType = sourcecode.swift; name = GlobalMidiDestinationsData.swift; path = XvSettings/Data/Tables/Instances/GlobalMidiDestinationsData.swift; sourceTree = "<group>"; };
		960544891F0E29B300FD3012 /* GlobalMidiSourcesData.swift */ = {isa = PBXFileReference; fileEncoding = 4; lastKnownFileType = sourcecode.swift; name = GlobalMidiSourcesData.swift; path = XvSettings/Data/Tables/Instances/GlobalMidiSourcesData.swift; sourceTree = "<group>"; };
		96291F9F1F05998D00A9A778 /* QuantizationData.swift */ = {isa = PBXFileReference; fileEncoding = 4; lastKnownFileType = sourcecode.swift; name = QuantizationData.swift; path = XvSettings/Data/Tables/Instances/QuantizationData.swift; sourceTree = "<group>"; };
		966F4A251E84BD6800154669 /* XvSettings.framework */ = {isa = PBXFileReference; explicitFileType = wrapper.framework; includeInIndex = 0; path = XvSettings.framework; sourceTree = BUILT_PRODUCTS_DIR; };
		966F4A281E84BD6800154669 /* XvSettings.h */ = {isa = PBXFileReference; lastKnownFileType = sourcecode.c.h; path = XvSettings.h; sourceTree = "<group>"; };
		966F4A291E84BD6800154669 /* Info.plist */ = {isa = PBXFileReference; lastKnownFileType = text.plist.xml; path = Info.plist; sourceTree = "<group>"; };
		966F4A321E84BD8D00154669 /* TableVC.swift */ = {isa = PBXFileReference; fileEncoding = 4; lastKnownFileType = sourcecode.swift; name = TableVC.swift; path = Controllers/TableVC.swift; sourceTree = "<group>"; };
		966F4A3E1E84BDD300154669 /* TableData.swift */ = {isa = PBXFileReference; fileEncoding = 4; lastKnownFileType = sourcecode.swift; name = TableData.swift; path = XvSettings/Data/Tables/TableData.swift; sourceTree = "<group>"; };
		966F4A411E84BDDA00154669 /* SectionData.swift */ = {isa = PBXFileReference; fileEncoding = 4; lastKnownFileType = sourcecode.swift; name = SectionData.swift; path = XvSettings/Data/Sections/SectionData.swift; sourceTree = "<group>"; };
		966F4A431E84BDE200154669 /* CellData.swift */ = {isa = PBXFileReference; fileEncoding = 4; lastKnownFileType = sourcecode.swift; name = CellData.swift; path = XvSettings/Data/Rows/CellData.swift; sourceTree = "<group>"; };
		966F4A441E84BDE200154669 /* CheckmarkCellData.swift */ = {isa = PBXFileReference; fileEncoding = 4; lastKnownFileType = sourcecode.swift; name = CheckmarkCellData.swift; path = XvSettings/Data/Rows/CheckmarkCellData.swift; sourceTree = "<group>"; };
		966F4A451E84BDE200154669 /* DisclosureCellData.swift */ = {isa = PBXFileReference; fileEncoding = 4; lastKnownFileType = sourcecode.swift; name = DisclosureCellData.swift; path = XvSettings/Data/Rows/DisclosureCellData.swift; sourceTree = "<group>"; };
		966F4A4F1E84BE1400154669 /* Utils.swift */ = {isa = PBXFileReference; fileEncoding = 4; lastKnownFileType = sourcecode.swift; name = Utils.swift; path = XvSettings/Private/Utils.swift; sourceTree = "<group>"; };
		966F4A551E84BE3C00154669 /* ButtonCell.swift */ = {isa = PBXFileReference; fileEncoding = 4; lastKnownFileType = sourcecode.swift; name = ButtonCell.swift; path = XvSettings/Views/Rows/ButtonCell.swift; sourceTree = "<group>"; };
		966F4A561E84BE3C00154669 /* Cell.swift */ = {isa = PBXFileReference; fileEncoding = 4; lastKnownFileType = sourcecode.swift; name = Cell.swift; path = XvSettings/Views/Rows/Cell.swift; sourceTree = "<group>"; };
		966F4A571E84BE3C00154669 /* CheckmarkCell.swift */ = {isa = PBXFileReference; fileEncoding = 4; lastKnownFileType = sourcecode.swift; name = CheckmarkCell.swift; path = XvSettings/Views/Rows/CheckmarkCell.swift; sourceTree = "<group>"; };
		966F4A581E84BE3C00154669 /* DisclosureCell.swift */ = {isa = PBXFileReference; fileEncoding = 4; lastKnownFileType = sourcecode.swift; name = DisclosureCell.swift; path = XvSettings/Views/Rows/DisclosureCell.swift; sourceTree = "<group>"; };
		966F4A5A1E84BE3C00154669 /* ToggleCell.swift */ = {isa = PBXFileReference; fileEncoding = 4; lastKnownFileType = sourcecode.swift; name = ToggleCell.swift; path = XvSettings/Views/Rows/ToggleCell.swift; sourceTree = "<group>"; };
		966F4A611E84BE4300154669 /* Footer.swift */ = {isa = PBXFileReference; fileEncoding = 4; lastKnownFileType = sourcecode.swift; name = Footer.swift; path = XvSettings/Views/Footer/Footer.swift; sourceTree = "<group>"; };
		9684A8451EF7196900019AF1 /* XvCoreDataManager.swift */ = {isa = PBXFileReference; fileEncoding = 4; lastKnownFileType = sourcecode.swift; name = XvCoreDataManager.swift; path = XvSettings/Public/XvCoreDataManager.swift; sourceTree = "<group>"; };
		9684A8471EF7197000019AF1 /* XvSetConstants.swift */ = {isa = PBXFileReference; fileEncoding = 4; lastKnownFileType = sourcecode.swift; name = XvSetConstants.swift; path = XvSettings/Public/XvSetConstants.swift; sourceTree = "<group>"; };
		9684A8491EF7197800019AF1 /* XvSetMainTableVC.swift */ = {isa = PBXFileReference; fileEncoding = 4; lastKnownFileType = sourcecode.swift; name = XvSetMainTableVC.swift; path = Public/XvSetMainTableVC.swift; sourceTree = "<group>"; };
		9684A84B1EF7197E00019AF1 /* XvSetMainTableData.swift */ = {isa = PBXFileReference; fileEncoding = 4; lastKnownFileType = sourcecode.swift; name = XvSetMainTableData.swift; path = XvSettings/Public/XvSetMainTableData.swift; sourceTree = "<group>"; };
		9684A84D1EF7199E00019AF1 /* InstrumentTableVC.swift */ = {isa = PBXFileReference; fileEncoding = 4; lastKnownFileType = sourcecode.swift; name = InstrumentTableVC.swift; path = Controllers/InstrumentTableVC.swift; sourceTree = "<group>"; };
		9684A84F1EF71A1300019AF1 /* KitTableVC.swift */ = {isa = PBXFileReference; fileEncoding = 4; lastKnownFileType = sourcecode.swift; name = KitTableVC.swift; path = Controllers/KitTableVC.swift; sourceTree = "<group>"; };
		9684A8511EF8116300019AF1 /* InstrumentTableData.swift */ = {isa = PBXFileReference; fileEncoding = 4; lastKnownFileType = sourcecode.swift; name = InstrumentTableData.swift; path = XvSettings/Data/Tables/InstrumentTableData.swift; sourceTree = "<group>"; };
		9684A8531EF8285300019AF1 /* MidiSendChannelData.swift */ = {isa = PBXFileReference; fileEncoding = 4; lastKnownFileType = sourcecode.swift; name = MidiSendChannelData.swift; path = XvSettings/Data/Tables/Instances/MidiSendChannelData.swift; sourceTree = "<group>"; };
		9684A8551EF83C8700019AF1 /* MidiReceiveChannelData.swift */ = {isa = PBXFileReference; fileEncoding = 4; lastKnownFileType = sourcecode.swift; name = MidiReceiveChannelData.swift; path = XvSettings/Data/Tables/Instances/MidiReceiveChannelData.swift; sourceTree = "<group>"; };
		9684A8571EF84B3300019AF1 /* InstrumentMidiDestinationsData.swift */ = {isa = PBXFileReference; fileEncoding = 4; lastKnownFileType = sourcecode.swift; name = InstrumentMidiDestinationsData.swift; path = XvSettings/Data/Tables/Instances/InstrumentMidiDestinationsData.swift; sourceTree = "<group>"; };
		96C30CE21EF6C2560058A64D /* MidiSyncData.swift */ = {isa = PBXFileReference; fileEncoding = 4; lastKnownFileType = sourcecode.swift; name = MidiSyncData.swift; path = XvSettings/Data/Tables/Instances/MidiSyncData.swift; sourceTree = "<group>"; };
		96C30CE41EF6C4700058A64D /* MusicalScaleData.swift */ = {isa = PBXFileReference; fileEncoding = 4; lastKnownFileType = sourcecode.swift; name = MusicalScaleData.swift; path = XvSettings/Data/Tables/Instances/MusicalScaleData.swift; sourceTree = "<group>"; };
		96C8F58E1EFB9CCC0058BDBF /* SliderCellData.swift */ = {isa = PBXFileReference; fileEncoding = 4; lastKnownFileType = sourcecode.swift; name = SliderCellData.swift; path = XvSettings/Data/Rows/SliderCellData.swift; sourceTree = "<group>"; };
		96C8F5901EFB9DD50058BDBF /* SliderCell.swift */ = {isa = PBXFileReference; fileEncoding = 4; lastKnownFileType = sourcecode.swift; name = SliderCell.swift; path = XvSettings/Views/Rows/SliderCell.swift; sourceTree = "<group>"; };
		96DC444C1EE47F8D0032DC9C /* CheckmarkTableData.swift */ = {isa = PBXFileReference; fileEncoding = 4; lastKnownFileType = sourcecode.swift; name = CheckmarkTableData.swift; path = XvSettings/Data/Tables/CheckmarkTableData.swift; sourceTree = "<group>"; };
		96DC444E1EE592920032DC9C /* CheckmarkTableVC.swift */ = {isa = PBXFileReference; fileEncoding = 4; lastKnownFileType = sourcecode.swift; name = CheckmarkTableVC.swift; path = Controllers/CheckmarkTableVC.swift; sourceTree = "<group>"; };
		96DC44501EE63B5F0032DC9C /* ToggleCellData.swift */ = {isa = PBXFileReference; fileEncoding = 4; lastKnownFileType = sourcecode.swift; name = ToggleCellData.swift; path = XvSettings/Data/Rows/ToggleCellData.swift; sourceTree = "<group>"; };
		96DC44521EE64DFA0032DC9C /* ButtonCellData.swift */ = {isa = PBXFileReference; fileEncoding = 4; lastKnownFileType = sourcecode.swift; name = ButtonCellData.swift; path = XvSettings/Data/Rows/ButtonCellData.swift; sourceTree = "<group>"; };
		96DC44541EE6F8DC0032DC9C /* KitTableData.swift */ = {isa = PBXFileReference; fileEncoding = 4; lastKnownFileType = sourcecode.swift; name = KitTableData.swift; path = XvSettings/Data/Tables/KitTableData.swift; sourceTree = "<group>"; };
		96F54F9A1F0A798A005021DB /* FadeOutDurationData.swift */ = {isa = PBXFileReference; fileEncoding = 4; lastKnownFileType = sourcecode.swift; name = FadeOutDurationData.swift; path = XvSettings/Data/Tables/Instances/FadeOutDurationData.swift; sourceTree = "<group>"; };
		96F54F9C1F0A7B77005021DB /* LoopLengthData.swift */ = {isa = PBXFileReference; fileEncoding = 4; lastKnownFileType = sourcecode.swift; name = LoopLengthData.swift; path = XvSettings/Data/Tables/Instances/LoopLengthData.swift; sourceTree = "<group>"; };
		96F54F9E1F0AAA7A005021DB /* Labels.swift */ = {isa = PBXFileReference; fileEncoding = 4; lastKnownFileType = sourcecode.swift; name = Labels.swift; path = XvSettings/Data/Labels.swift; sourceTree = "<group>"; };
/* End PBXFileReference section */

/* Begin PBXFrameworksBuildPhase section */
		966F4A211E84BD6800154669 /* Frameworks */ = {
			isa = PBXFrameworksBuildPhase;
			buildActionMask = 2147483647;
			files = (
			);
			runOnlyForDeploymentPostprocessing = 0;
		};
/* End PBXFrameworksBuildPhase section */

/* Begin PBXGroup section */
		966F4A1B1E84BD6800154669 = {
			isa = PBXGroup;
			children = (
				9684A8451EF7196900019AF1 /* XvCoreDataManager.swift */,
				9684A8471EF7197000019AF1 /* XvSetConstants.swift */,
				966F4A381E84BD9700154669 /* Controllers */,
				966F4A391E84BDA600154669 /* Data */,
				966F4A521E84BE2500154669 /* Views */,
				966F4A511E84BE1800154669 /* Private */,
			);
			sourceTree = "<group>";
		};
		966F4A261E84BD6800154669 /* Products */ = {
			isa = PBXGroup;
			children = (
				966F4A251E84BD6800154669 /* XvSettings.framework */,
			);
			name = Products;
			sourceTree = "<group>";
		};
		966F4A271E84BD6800154669 /* XvSettings */ = {
			isa = PBXGroup;
			children = (
				966F4A281E84BD6800154669 /* XvSettings.h */,
				966F4A291E84BD6800154669 /* Info.plist */,
			);
			path = XvSettings;
			sourceTree = "<group>";
		};
		966F4A381E84BD9700154669 /* Controllers */ = {
			isa = PBXGroup;
			children = (
				966F4A321E84BD8D00154669 /* TableVC.swift */,
				9684A8491EF7197800019AF1 /* XvSetMainTableVC.swift */,
				9684A84F1EF71A1300019AF1 /* KitTableVC.swift */,
				9684A84D1EF7199E00019AF1 /* InstrumentTableVC.swift */,
				96DC444E1EE592920032DC9C /* CheckmarkTableVC.swift */,
			);
			name = Controllers;
			path = XvSettings;
			sourceTree = "<group>";
		};
		966F4A391E84BDA600154669 /* Data */ = {
			isa = PBXGroup;
			children = (
				96F54F9E1F0AAA7A005021DB /* Labels.swift */,
				966F4A3C1E84BDC600154669 /* Tables */,
				966F4A3B1E84BDBB00154669 /* Sections */,
				966F4A3A1E84BDB300154669 /* Rows */,
			);
			name = Data;
			sourceTree = "<group>";
		};
		966F4A3A1E84BDB300154669 /* Rows */ = {
			isa = PBXGroup;
			children = (
				966F4A431E84BDE200154669 /* CellData.swift */,
				96DC44521EE64DFA0032DC9C /* ButtonCellData.swift */,
				966F4A441E84BDE200154669 /* CheckmarkCellData.swift */,
				966F4A451E84BDE200154669 /* DisclosureCellData.swift */,
				96C8F58E1EFB9CCC0058BDBF /* SliderCellData.swift */,
				96DC44501EE63B5F0032DC9C /* ToggleCellData.swift */,
			);
			name = Rows;
			sourceTree = "<group>";
		};
		966F4A3B1E84BDBB00154669 /* Sections */ = {
			isa = PBXGroup;
			children = (
				966F4A411E84BDDA00154669 /* SectionData.swift */,
			);
			name = Sections;
			sourceTree = "<group>";
		};
		966F4A3C1E84BDC600154669 /* Tables */ = {
			isa = PBXGroup;
			children = (
				966F4A3E1E84BDD300154669 /* TableData.swift */,
				9684A84B1EF7197E00019AF1 /* XvSetMainTableData.swift */,
				96DC44541EE6F8DC0032DC9C /* KitTableData.swift */,
				9684A8511EF8116300019AF1 /* InstrumentTableData.swift */,
				96DC444C1EE47F8D0032DC9C /* CheckmarkTableData.swift */,
				96C30CE11EF6C1F70058A64D /* Instances */,
			);
			name = Tables;
			sourceTree = "<group>";
		};
		966F4A511E84BE1800154669 /* Private */ = {
			isa = PBXGroup;
			children = (
				966F4A4F1E84BE1400154669 /* Utils.swift */,
				966F4A271E84BD6800154669 /* XvSettings */,
				966F4A261E84BD6800154669 /* Products */,
			);
			name = Private;
			sourceTree = "<group>";
		};
		966F4A521E84BE2500154669 /* Views */ = {
			isa = PBXGroup;
			children = (
				966F4A541E84BE3200154669 /* Rows */,
				966F4A531E84BE2D00154669 /* Footer */,
			);
			name = Views;
			sourceTree = "<group>";
		};
		966F4A531E84BE2D00154669 /* Footer */ = {
			isa = PBXGroup;
			children = (
				966F4A611E84BE4300154669 /* Footer.swift */,
			);
			name = Footer;
			sourceTree = "<group>";
		};
		966F4A541E84BE3200154669 /* Rows */ = {
			isa = PBXGroup;
			children = (
				966F4A561E84BE3C00154669 /* Cell.swift */,
				966F4A551E84BE3C00154669 /* ButtonCell.swift */,
				966F4A571E84BE3C00154669 /* CheckmarkCell.swift */,
				966F4A581E84BE3C00154669 /* DisclosureCell.swift */,
				96C8F5901EFB9DD50058BDBF /* SliderCell.swift */,
				966F4A5A1E84BE3C00154669 /* ToggleCell.swift */,
			);
			name = Rows;
			sourceTree = "<group>";
		};
		96C30CE11EF6C1F70058A64D /* Instances */ = {
			isa = PBXGroup;
			children = (
				96F54F9A1F0A798A005021DB /* FadeOutDurationData.swift */,
				960544871F0E220300FD3012 /* GlobalMidiDestinationsData.swift */,
				960544891F0E29B300FD3012 /* GlobalMidiSourcesData.swift */,
				9684A8571EF84B3300019AF1 /* InstrumentMidiDestinationsData.swift */,
				96F54F9C1F0A7B77005021DB /* LoopLengthData.swift */,
				96C30CE21EF6C2560058A64D /* MidiSyncData.swift */,
				96C30CE41EF6C4700058A64D /* MusicalScaleData.swift */,
				9684A8531EF8285300019AF1 /* MidiSendChannelData.swift */,
				9684A8551EF83C8700019AF1 /* MidiReceiveChannelData.swift */,
				96291F9F1F05998D00A9A778 /* QuantizationData.swift */,
			);
			name = Instances;
			sourceTree = "<group>";
		};
/* End PBXGroup section */

/* Begin PBXHeadersBuildPhase section */
		966F4A221E84BD6800154669 /* Headers */ = {
			isa = PBXHeadersBuildPhase;
			buildActionMask = 2147483647;
			files = (
				966F4A2A1E84BD6800154669 /* XvSettings.h in Headers */,
			);
			runOnlyForDeploymentPostprocessing = 0;
		};
/* End PBXHeadersBuildPhase section */

/* Begin PBXNativeTarget section */
		966F4A241E84BD6800154669 /* XvSettings */ = {
			isa = PBXNativeTarget;
			buildConfigurationList = 966F4A2D1E84BD6800154669 /* Build configuration list for PBXNativeTarget "XvSettings" */;
			buildPhases = (
				966F4A201E84BD6800154669 /* Sources */,
				966F4A211E84BD6800154669 /* Frameworks */,
				966F4A221E84BD6800154669 /* Headers */,
				966F4A231E84BD6800154669 /* Resources */,
			);
			buildRules = (
			);
			dependencies = (
			);
			name = XvSettings;
			productName = XvSettings;
			productReference = 966F4A251E84BD6800154669 /* XvSettings.framework */;
			productType = "com.apple.product-type.framework";
		};
/* End PBXNativeTarget section */

/* Begin PBXProject section */
		966F4A1C1E84BD6800154669 /* Project object */ = {
			isa = PBXProject;
			attributes = {
				LastUpgradeCheck = 0820;
				ORGANIZATIONNAME = "Jason J. Snell";
				TargetAttributes = {
					966F4A241E84BD6800154669 = {
						CreatedOnToolsVersion = 8.2.1;
						DevelopmentTeam = LN2HJCURK9;
						LastSwiftMigration = 0820;
						ProvisioningStyle = Automatic;
					};
				};
			};
			buildConfigurationList = 966F4A1F1E84BD6800154669 /* Build configuration list for PBXProject "XvSettings" */;
			compatibilityVersion = "Xcode 3.2";
			developmentRegion = English;
			hasScannedForEncodings = 0;
			knownRegions = (
				en,
			);
			mainGroup = 966F4A1B1E84BD6800154669;
			productRefGroup = 966F4A261E84BD6800154669 /* Products */;
			projectDirPath = "";
			projectRoot = "";
			targets = (
				966F4A241E84BD6800154669 /* XvSettings */,
			);
		};
/* End PBXProject section */

/* Begin PBXResourcesBuildPhase section */
		966F4A231E84BD6800154669 /* Resources */ = {
			isa = PBXResourcesBuildPhase;
			buildActionMask = 2147483647;
			files = (
			);
			runOnlyForDeploymentPostprocessing = 0;
		};
/* End PBXResourcesBuildPhase section */

/* Begin PBXSourcesBuildPhase section */
		966F4A201E84BD6800154669 /* Sources */ = {
			isa = PBXSourcesBuildPhase;
			buildActionMask = 2147483647;
			files = (
				966F4A421E84BDDA00154669 /* SectionData.swift in Sources */,
				966F4A621E84BE4300154669 /* Footer.swift in Sources */,
				96F54F9B1F0A798A005021DB /* FadeOutDurationData.swift in Sources */,
				9684A8481EF7197000019AF1 /* XvSetConstants.swift in Sources */,
				966F4A401E84BDD300154669 /* TableData.swift in Sources */,
				96F54F9D1F0A7B77005021DB /* LoopLengthData.swift in Sources */,
				96DC444D1EE47F8D0032DC9C /* CheckmarkTableData.swift in Sources */,
				966F4A481E84BDE200154669 /* CheckmarkCellData.swift in Sources */,
				96C30CE51EF6C4700058A64D /* MusicalScaleData.swift in Sources */,
				9684A84C1EF7197E00019AF1 /* XvSetMainTableData.swift in Sources */,
				966F4A501E84BE1400154669 /* Utils.swift in Sources */,
				9684A8581EF84B3300019AF1 /* InstrumentMidiDestinationsData.swift in Sources */,
				96291FA01F05998D00A9A778 /* QuantizationData.swift in Sources */,
				966F4A5C1E84BE3C00154669 /* Cell.swift in Sources */,
				96DC44551EE6F8DC0032DC9C /* KitTableData.swift in Sources */,
				96C8F58F1EFB9CCC0058BDBF /* SliderCellData.swift in Sources */,
				966F4A5B1E84BE3C00154669 /* ButtonCell.swift in Sources */,
				966F4A471E84BDE200154669 /* CellData.swift in Sources */,
				966F4A5D1E84BE3C00154669 /* CheckmarkCell.swift in Sources */,
				9684A8561EF83C8700019AF1 /* MidiReceiveChannelData.swift in Sources */,
				960544881F0E220300FD3012 /* GlobalMidiDestinationsData.swift in Sources */,
				9684A8501EF71A1300019AF1 /* KitTableVC.swift in Sources */,
				9605448A1F0E29B300FD3012 /* GlobalMidiSourcesData.swift in Sources */,
				966F4A5E1E84BE3C00154669 /* DisclosureCell.swift in Sources */,
				96DC444F1EE592920032DC9C /* CheckmarkTableVC.swift in Sources */,
				9684A8461EF7196900019AF1 /* XvCoreDataManager.swift in Sources */,
				9684A8541EF8285300019AF1 /* MidiSendChannelData.swift in Sources */,
				96C8F5911EFB9DD50058BDBF /* SliderCell.swift in Sources */,
				9684A8521EF8116300019AF1 /* InstrumentTableData.swift in Sources */,
				966F4A491E84BDE200154669 /* DisclosureCellData.swift in Sources */,
				966F4A601E84BE3C00154669 /* ToggleCell.swift in Sources */,
				96DC44531EE64DFA0032DC9C /* ButtonCellData.swift in Sources */,
				96C30CE31EF6C2560058A64D /* MidiSyncData.swift in Sources */,
				966F4A361E84BD8D00154669 /* TableVC.swift in Sources */,
				9684A84A1EF7197800019AF1 /* XvSetMainTableVC.swift in Sources */,
				96F54F9F1F0AAA7A005021DB /* Labels.swift in Sources */,
				96DC44511EE63B5F0032DC9C /* ToggleCellData.swift in Sources */,
				9684A84E1EF7199E00019AF1 /* InstrumentTableVC.swift in Sources */,
			);
			runOnlyForDeploymentPostprocessing = 0;
		};
/* End PBXSourcesBuildPhase section */

/* Begin XCBuildConfiguration section */
		966F4A2B1E84BD6800154669 /* Debug */ = {
			isa = XCBuildConfiguration;
			buildSettings = {
				ALWAYS_SEARCH_USER_PATHS = NO;
				CLANG_ANALYZER_NONNULL = YES;
				CLANG_CXX_LANGUAGE_STANDARD = "gnu++0x";
				CLANG_CXX_LIBRARY = "libc++";
				CLANG_ENABLE_MODULES = YES;
				CLANG_ENABLE_OBJC_ARC = YES;
				CLANG_WARN_BOOL_CONVERSION = YES;
				CLANG_WARN_CONSTANT_CONVERSION = YES;
				CLANG_WARN_DIRECT_OBJC_ISA_USAGE = YES_ERROR;
				CLANG_WARN_DOCUMENTATION_COMMENTS = YES;
				CLANG_WARN_EMPTY_BODY = YES;
				CLANG_WARN_ENUM_CONVERSION = YES;
				CLANG_WARN_INFINITE_RECURSION = YES;
				CLANG_WARN_INT_CONVERSION = YES;
				CLANG_WARN_OBJC_ROOT_CLASS = YES_ERROR;
				CLANG_WARN_SUSPICIOUS_MOVE = YES;
				CLANG_WARN_UNREACHABLE_CODE = YES;
				CLANG_WARN__DUPLICATE_METHOD_MATCH = YES;
				"CODE_SIGN_IDENTITY[sdk=iphoneos*]" = "iPhone Developer";
				COPY_PHASE_STRIP = NO;
				CURRENT_PROJECT_VERSION = 1;
				DEBUG_INFORMATION_FORMAT = dwarf;
				ENABLE_STRICT_OBJC_MSGSEND = YES;
				ENABLE_TESTABILITY = YES;
				GCC_C_LANGUAGE_STANDARD = gnu99;
				GCC_DYNAMIC_NO_PIC = NO;
				GCC_NO_COMMON_BLOCKS = YES;
				GCC_OPTIMIZATION_LEVEL = 0;
				GCC_PREPROCESSOR_DEFINITIONS = (
					"DEBUG=1",
					"$(inherited)",
				);
				GCC_WARN_64_TO_32_BIT_CONVERSION = YES;
				GCC_WARN_ABOUT_RETURN_TYPE = YES_ERROR;
				GCC_WARN_UNDECLARED_SELECTOR = YES;
				GCC_WARN_UNINITIALIZED_AUTOS = YES_AGGRESSIVE;
				GCC_WARN_UNUSED_FUNCTION = YES;
				GCC_WARN_UNUSED_VARIABLE = YES;
				IPHONEOS_DEPLOYMENT_TARGET = 10.2;
				MTL_ENABLE_DEBUG_INFO = YES;
				ONLY_ACTIVE_ARCH = YES;
				SDKROOT = iphoneos;
				SWIFT_ACTIVE_COMPILATION_CONDITIONS = DEBUG;
				SWIFT_OPTIMIZATION_LEVEL = "-Onone";
				TARGETED_DEVICE_FAMILY = "1,2";
				VERSIONING_SYSTEM = "apple-generic";
				VERSION_INFO_PREFIX = "";
			};
			name = Debug;
		};
		966F4A2C1E84BD6800154669 /* Release */ = {
			isa = XCBuildConfiguration;
			buildSettings = {
				ALWAYS_SEARCH_USER_PATHS = NO;
				CLANG_ANALYZER_NONNULL = YES;
				CLANG_CXX_LANGUAGE_STANDARD = "gnu++0x";
				CLANG_CXX_LIBRARY = "libc++";
				CLANG_ENABLE_MODULES = YES;
				CLANG_ENABLE_OBJC_ARC = YES;
				CLANG_WARN_BOOL_CONVERSION = YES;
				CLANG_WARN_CONSTANT_CONVERSION = YES;
				CLANG_WARN_DIRECT_OBJC_ISA_USAGE = YES_ERROR;
				CLANG_WARN_DOCUMENTATION_COMMENTS = YES;
				CLANG_WARN_EMPTY_BODY = YES;
				CLANG_WARN_ENUM_CONVERSION = YES;
				CLANG_WARN_INFINITE_RECURSION = YES;
				CLANG_WARN_INT_CONVERSION = YES;
				CLANG_WARN_OBJC_ROOT_CLASS = YES_ERROR;
				CLANG_WARN_SUSPICIOUS_MOVE = YES;
				CLANG_WARN_UNREACHABLE_CODE = YES;
				CLANG_WARN__DUPLICATE_METHOD_MATCH = YES;
				"CODE_SIGN_IDENTITY[sdk=iphoneos*]" = "iPhone Developer";
				COPY_PHASE_STRIP = NO;
				CURRENT_PROJECT_VERSION = 1;
				DEBUG_INFORMATION_FORMAT = "dwarf-with-dsym";
				ENABLE_NS_ASSERTIONS = NO;
				ENABLE_STRICT_OBJC_MSGSEND = YES;
				GCC_C_LANGUAGE_STANDARD = gnu99;
				GCC_NO_COMMON_BLOCKS = YES;
				GCC_WARN_64_TO_32_BIT_CONVERSION = YES;
				GCC_WARN_ABOUT_RETURN_TYPE = YES_ERROR;
				GCC_WARN_UNDECLARED_SELECTOR = YES;
				GCC_WARN_UNINITIALIZED_AUTOS = YES_AGGRESSIVE;
				GCC_WARN_UNUSED_FUNCTION = YES;
				GCC_WARN_UNUSED_VARIABLE = YES;
				IPHONEOS_DEPLOYMENT_TARGET = 10.2;
				MTL_ENABLE_DEBUG_INFO = NO;
				SDKROOT = iphoneos;
				SWIFT_OPTIMIZATION_LEVEL = "-Owholemodule";
				TARGETED_DEVICE_FAMILY = "1,2";
				VALIDATE_PRODUCT = YES;
				VERSIONING_SYSTEM = "apple-generic";
				VERSION_INFO_PREFIX = "";
			};
			name = Release;
		};
		966F4A2E1E84BD6800154669 /* Debug */ = {
			isa = XCBuildConfiguration;
			buildSettings = {
				CLANG_ENABLE_MODULES = YES;
				CODE_SIGN_IDENTITY = "";
				DEFINES_MODULE = YES;
				DEVELOPMENT_TEAM = LN2HJCURK9;
				DYLIB_COMPATIBILITY_VERSION = 1;
				DYLIB_CURRENT_VERSION = 1;
				DYLIB_INSTALL_NAME_BASE = "@rpath";
				INFOPLIST_FILE = XvSettings/Info.plist;
				INSTALL_PATH = "$(LOCAL_LIBRARY_DIR)/Frameworks";
				IPHONEOS_DEPLOYMENT_TARGET = 10.0;
				LD_RUNPATH_SEARCH_PATHS = "$(inherited) @executable_path/Frameworks @loader_path/Frameworks";
				PRODUCT_BUNDLE_IDENTIFIER = com.jasonjsnell.XvSettings;
				PRODUCT_NAME = "$(TARGET_NAME)";
				SKIP_INSTALL = YES;
				SWIFT_OPTIMIZATION_LEVEL = "-Onone";
				SWIFT_VERSION = 3.0;
			};
			name = Debug;
		};
		966F4A2F1E84BD6800154669 /* Release */ = {
			isa = XCBuildConfiguration;
			buildSettings = {
				CLANG_ENABLE_MODULES = YES;
				CODE_SIGN_IDENTITY = "";
				DEFINES_MODULE = YES;
				DEVELOPMENT_TEAM = LN2HJCURK9;
				DYLIB_COMPATIBILITY_VERSION = 1;
				DYLIB_CURRENT_VERSION = 1;
				DYLIB_INSTALL_NAME_BASE = "@rpath";
				INFOPLIST_FILE = XvSettings/Info.plist;
				INSTALL_PATH = "$(LOCAL_LIBRARY_DIR)/Frameworks";
				IPHONEOS_DEPLOYMENT_TARGET = 10.0;
				LD_RUNPATH_SEARCH_PATHS = "$(inherited) @executable_path/Frameworks @loader_path/Frameworks";
				PRODUCT_BUNDLE_IDENTIFIER = com.jasonjsnell.XvSettings;
				PRODUCT_NAME = "$(TARGET_NAME)";
				SKIP_INSTALL = YES;
				SWIFT_VERSION = 3.0;
			};
			name = Release;
		};
/* End XCBuildConfiguration section */

/* Begin XCConfigurationList section */
		966F4A1F1E84BD6800154669 /* Build configuration list for PBXProject "XvSettings" */ = {
			isa = XCConfigurationList;
			buildConfigurations = (
				966F4A2B1E84BD6800154669 /* Debug */,
				966F4A2C1E84BD6800154669 /* Release */,
			);
			defaultConfigurationIsVisible = 0;
			defaultConfigurationName = Release;
		};
		966F4A2D1E84BD6800154669 /* Build configuration list for PBXNativeTarget "XvSettings" */ = {
			isa = XCConfigurationList;
			buildConfigurations = (
				966F4A2E1E84BD6800154669 /* Debug */,
				966F4A2F1E84BD6800154669 /* Release */,
			);
			defaultConfigurationIsVisible = 0;
			defaultConfigurationName = Release;
		};
/* End XCConfigurationList section */
	};
	rootObject = 966F4A1C1E84BD6800154669 /* Project object */;
}
